// !$*UTF8*$!
{
	archiveVersion = 1;
	classes = {
	};
	objectVersion = 48;
	objects = {

/* Begin PBXBuildFile section */
		BA629B678CF8BB6115B8DF7E /* Pods_AR_irl_V2.framework in Frameworks */ = {isa = PBXBuildFile; fileRef = C8FD9B2842EA175BC20A2CA9 /* Pods_AR_irl_V2.framework */; };
		C10865901FABAF6B000292D5 /* AppDelegate.swift in Sources */ = {isa = PBXBuildFile; fileRef = C108658F1FABAF6B000292D5 /* AppDelegate.swift */; };
		C10865921FABAF6B000292D5 /* ViewController.swift in Sources */ = {isa = PBXBuildFile; fileRef = C10865911FABAF6B000292D5 /* ViewController.swift */; };
		C10865951FABAF6B000292D5 /* Main.storyboard in Resources */ = {isa = PBXBuildFile; fileRef = C10865931FABAF6B000292D5 /* Main.storyboard */; };
		C10865971FABAF6B000292D5 /* Assets.xcassets in Resources */ = {isa = PBXBuildFile; fileRef = C10865961FABAF6B000292D5 /* Assets.xcassets */; };
		C108659A1FABAF6B000292D5 /* LaunchScreen.storyboard in Resources */ = {isa = PBXBuildFile; fileRef = C10865981FABAF6B000292D5 /* LaunchScreen.storyboard */; };
		C10865A21FABBB36000292D5 /* Models.scnassets in Resources */ = {isa = PBXBuildFile; fileRef = C10865A11FABBB36000292D5 /* Models.scnassets */; };
		C10865B01FACB6F8000292D5 /* Button_V1_Shadow_V2.png in Resources */ = {isa = PBXBuildFile; fileRef = C10865AF1FACB6F8000292D5 /* Button_V1_Shadow_V2.png */; };
		C10865B71FACCA87000292D5 /* Base_0000_Shadows.png in Resources */ = {isa = PBXBuildFile; fileRef = C10865B11FACCA87000292D5 /* Base_0000_Shadows.png */; };
		C10865B81FACCA87000292D5 /* Base_0004_Ambient-Occlusion.png in Resources */ = {isa = PBXBuildFile; fileRef = C10865B21FACCA87000292D5 /* Base_0004_Ambient-Occlusion.png */; };
		C10865B91FACCA87000292D5 /* Base_0001_Bump.png in Resources */ = {isa = PBXBuildFile; fileRef = C10865B31FACCA87000292D5 /* Base_0001_Bump.png */; };
		C10865BA1FACCA87000292D5 /* Base_0005_Background.png in Resources */ = {isa = PBXBuildFile; fileRef = C10865B41FACCA87000292D5 /* Base_0005_Background.png */; };
		C10865BB1FACCA87000292D5 /* Base_0003_Normal.png in Resources */ = {isa = PBXBuildFile; fileRef = C10865B51FACCA87000292D5 /* Base_0003_Normal.png */; };
		C10865BC1FACCA87000292D5 /* Base_0002_Reflection.png in Resources */ = {isa = PBXBuildFile; fileRef = C10865B61FACCA87000292D5 /* Base_0002_Reflection.png */; };
		C11CB54B1FB624CD00D9A4F8 /* Comp 1_08.png in Resources */ = {isa = PBXBuildFile; fileRef = C11CB5371FB624CC00D9A4F8 /* Comp 1_08.png */; };
		C11CB54C1FB624CD00D9A4F8 /* Comp 1_19.png in Resources */ = {isa = PBXBuildFile; fileRef = C11CB5381FB624CC00D9A4F8 /* Comp 1_19.png */; };
		C11CB54D1FB624CD00D9A4F8 /* Comp 1_04.png in Resources */ = {isa = PBXBuildFile; fileRef = C11CB5391FB624CC00D9A4F8 /* Comp 1_04.png */; };
		C11CB54E1FB624CD00D9A4F8 /* Comp 1_05.png in Resources */ = {isa = PBXBuildFile; fileRef = C11CB53A1FB624CC00D9A4F8 /* Comp 1_05.png */; };
		C11CB54F1FB624CD00D9A4F8 /* Comp 1_06.png in Resources */ = {isa = PBXBuildFile; fileRef = C11CB53B1FB624CC00D9A4F8 /* Comp 1_06.png */; };
		C11CB5501FB624CD00D9A4F8 /* Comp 1_11.png in Resources */ = {isa = PBXBuildFile; fileRef = C11CB53C1FB624CC00D9A4F8 /* Comp 1_11.png */; };
		C11CB5511FB624CD00D9A4F8 /* Comp 1_09.png in Resources */ = {isa = PBXBuildFile; fileRef = C11CB53D1FB624CC00D9A4F8 /* Comp 1_09.png */; };
		C11CB5521FB624CD00D9A4F8 /* Comp 1_14.png in Resources */ = {isa = PBXBuildFile; fileRef = C11CB53E1FB624CC00D9A4F8 /* Comp 1_14.png */; };
		C11CB5531FB624CD00D9A4F8 /* Comp 1_17.png in Resources */ = {isa = PBXBuildFile; fileRef = C11CB53F1FB624CC00D9A4F8 /* Comp 1_17.png */; };
		C11CB5541FB624CD00D9A4F8 /* Comp 1_15.png in Resources */ = {isa = PBXBuildFile; fileRef = C11CB5401FB624CC00D9A4F8 /* Comp 1_15.png */; };
		C11CB5551FB624CD00D9A4F8 /* Comp 1_01.png in Resources */ = {isa = PBXBuildFile; fileRef = C11CB5411FB624CD00D9A4F8 /* Comp 1_01.png */; };
		C11CB5561FB624CD00D9A4F8 /* Comp 1_07.png in Resources */ = {isa = PBXBuildFile; fileRef = C11CB5421FB624CD00D9A4F8 /* Comp 1_07.png */; };
		C11CB5571FB624CD00D9A4F8 /* Comp 1_03.png in Resources */ = {isa = PBXBuildFile; fileRef = C11CB5431FB624CD00D9A4F8 /* Comp 1_03.png */; };
		C11CB5581FB624CD00D9A4F8 /* Comp 1_13.png in Resources */ = {isa = PBXBuildFile; fileRef = C11CB5441FB624CD00D9A4F8 /* Comp 1_13.png */; };
		C11CB5591FB624CD00D9A4F8 /* Comp 1_02.png in Resources */ = {isa = PBXBuildFile; fileRef = C11CB5451FB624CD00D9A4F8 /* Comp 1_02.png */; };
		C11CB55A1FB624CD00D9A4F8 /* Comp 1_16.png in Resources */ = {isa = PBXBuildFile; fileRef = C11CB5461FB624CD00D9A4F8 /* Comp 1_16.png */; };
		C11CB55B1FB624CD00D9A4F8 /* Comp 1_00.png in Resources */ = {isa = PBXBuildFile; fileRef = C11CB5471FB624CD00D9A4F8 /* Comp 1_00.png */; };
		C11CB55C1FB624CD00D9A4F8 /* Comp 1_12.png in Resources */ = {isa = PBXBuildFile; fileRef = C11CB5481FB624CD00D9A4F8 /* Comp 1_12.png */; };
		C11CB55D1FB624CD00D9A4F8 /* Comp 1_10.png in Resources */ = {isa = PBXBuildFile; fileRef = C11CB5491FB624CD00D9A4F8 /* Comp 1_10.png */; };
		C11CB55E1FB624CD00D9A4F8 /* Comp 1_18.png in Resources */ = {isa = PBXBuildFile; fileRef = C11CB54A1FB624CD00D9A4F8 /* Comp 1_18.png */; };
		C163BDDE1FACFCD5009F656A /* Restart.png in Resources */ = {isa = PBXBuildFile; fileRef = C163BDDD1FACFCD5009F656A /* Restart.png */; };
/* End PBXBuildFile section */

/* Begin PBXFileReference section */
		3A0D669ABE887643BD6A8247 /* Pods-AR-irl_V2.release.xcconfig */ = {isa = PBXFileReference; includeInIndex = 1; lastKnownFileType = text.xcconfig; name = "Pods-AR-irl_V2.release.xcconfig"; path = "Pods/Target Support Files/Pods-AR-irl_V2/Pods-AR-irl_V2.release.xcconfig"; sourceTree = "<group>"; };
		7AC7EBE254448B7BE5E1AC9C /* Pods-AR-irl_V2.debug.xcconfig */ = {isa = PBXFileReference; includeInIndex = 1; lastKnownFileType = text.xcconfig; name = "Pods-AR-irl_V2.debug.xcconfig"; path = "Pods/Target Support Files/Pods-AR-irl_V2/Pods-AR-irl_V2.debug.xcconfig"; sourceTree = "<group>"; };
		987E07841FBB89830008980C /* Particle-Bridging-Header.h */ = {isa = PBXFileReference; lastKnownFileType = sourcecode.c.h; path = "Particle-Bridging-Header.h"; sourceTree = "<group>"; };
		C108658C1FABAF6B000292D5 /* AR-irl_V2.app */ = {isa = PBXFileReference; explicitFileType = wrapper.application; includeInIndex = 0; path = "AR-irl_V2.app"; sourceTree = BUILT_PRODUCTS_DIR; };
		C108658F1FABAF6B000292D5 /* AppDelegate.swift */ = {isa = PBXFileReference; lastKnownFileType = sourcecode.swift; path = AppDelegate.swift; sourceTree = "<group>"; };
		C10865911FABAF6B000292D5 /* ViewController.swift */ = {isa = PBXFileReference; lastKnownFileType = sourcecode.swift; path = ViewController.swift; sourceTree = "<group>"; };
		C10865941FABAF6B000292D5 /* Base */ = {isa = PBXFileReference; lastKnownFileType = file.storyboard; name = Base; path = Base.lproj/Main.storyboard; sourceTree = "<group>"; };
		C10865961FABAF6B000292D5 /* Assets.xcassets */ = {isa = PBXFileReference; lastKnownFileType = folder.assetcatalog; path = Assets.xcassets; sourceTree = "<group>"; };
		C10865991FABAF6B000292D5 /* Base */ = {isa = PBXFileReference; lastKnownFileType = file.storyboard; name = Base; path = Base.lproj/LaunchScreen.storyboard; sourceTree = "<group>"; };
		C108659B1FABAF6B000292D5 /* Info.plist */ = {isa = PBXFileReference; lastKnownFileType = text.plist.xml; path = Info.plist; sourceTree = "<group>"; };
		C10865A11FABBB36000292D5 /* Models.scnassets */ = {isa = PBXFileReference; lastKnownFileType = wrapper.scnassets; path = Models.scnassets; sourceTree = "<group>"; };
		C10865AF1FACB6F8000292D5 /* Button_V1_Shadow_V2.png */ = {isa = PBXFileReference; lastKnownFileType = image.png; path = Button_V1_Shadow_V2.png; sourceTree = "<group>"; };
		C10865B11FACCA87000292D5 /* Base_0000_Shadows.png */ = {isa = PBXFileReference; lastKnownFileType = image.png; path = Base_0000_Shadows.png; sourceTree = "<group>"; };
		C10865B21FACCA87000292D5 /* Base_0004_Ambient-Occlusion.png */ = {isa = PBXFileReference; lastKnownFileType = image.png; path = "Base_0004_Ambient-Occlusion.png"; sourceTree = "<group>"; };
		C10865B31FACCA87000292D5 /* Base_0001_Bump.png */ = {isa = PBXFileReference; lastKnownFileType = image.png; path = Base_0001_Bump.png; sourceTree = "<group>"; };
		C10865B41FACCA87000292D5 /* Base_0005_Background.png */ = {isa = PBXFileReference; lastKnownFileType = image.png; path = Base_0005_Background.png; sourceTree = "<group>"; };
		C10865B51FACCA87000292D5 /* Base_0003_Normal.png */ = {isa = PBXFileReference; lastKnownFileType = image.png; path = Base_0003_Normal.png; sourceTree = "<group>"; };
		C10865B61FACCA87000292D5 /* Base_0002_Reflection.png */ = {isa = PBXFileReference; lastKnownFileType = image.png; path = Base_0002_Reflection.png; sourceTree = "<group>"; };
		C11CB5371FB624CC00D9A4F8 /* Comp 1_08.png */ = {isa = PBXFileReference; lastKnownFileType = image.png; path = "Comp 1_08.png"; sourceTree = "<group>"; };
		C11CB5381FB624CC00D9A4F8 /* Comp 1_19.png */ = {isa = PBXFileReference; lastKnownFileType = image.png; path = "Comp 1_19.png"; sourceTree = "<group>"; };
		C11CB5391FB624CC00D9A4F8 /* Comp 1_04.png */ = {isa = PBXFileReference; lastKnownFileType = image.png; path = "Comp 1_04.png"; sourceTree = "<group>"; };
		C11CB53A1FB624CC00D9A4F8 /* Comp 1_05.png */ = {isa = PBXFileReference; lastKnownFileType = image.png; path = "Comp 1_05.png"; sourceTree = "<group>"; };
		C11CB53B1FB624CC00D9A4F8 /* Comp 1_06.png */ = {isa = PBXFileReference; lastKnownFileType = image.png; path = "Comp 1_06.png"; sourceTree = "<group>"; };
		C11CB53C1FB624CC00D9A4F8 /* Comp 1_11.png */ = {isa = PBXFileReference; lastKnownFileType = image.png; path = "Comp 1_11.png"; sourceTree = "<group>"; };
		C11CB53D1FB624CC00D9A4F8 /* Comp 1_09.png */ = {isa = PBXFileReference; lastKnownFileType = image.png; path = "Comp 1_09.png"; sourceTree = "<group>"; };
		C11CB53E1FB624CC00D9A4F8 /* Comp 1_14.png */ = {isa = PBXFileReference; lastKnownFileType = image.png; path = "Comp 1_14.png"; sourceTree = "<group>"; };
		C11CB53F1FB624CC00D9A4F8 /* Comp 1_17.png */ = {isa = PBXFileReference; lastKnownFileType = image.png; path = "Comp 1_17.png"; sourceTree = "<group>"; };
		C11CB5401FB624CC00D9A4F8 /* Comp 1_15.png */ = {isa = PBXFileReference; lastKnownFileType = image.png; path = "Comp 1_15.png"; sourceTree = "<group>"; };
		C11CB5411FB624CD00D9A4F8 /* Comp 1_01.png */ = {isa = PBXFileReference; lastKnownFileType = image.png; path = "Comp 1_01.png"; sourceTree = "<group>"; };
		C11CB5421FB624CD00D9A4F8 /* Comp 1_07.png */ = {isa = PBXFileReference; lastKnownFileType = image.png; path = "Comp 1_07.png"; sourceTree = "<group>"; };
		C11CB5431FB624CD00D9A4F8 /* Comp 1_03.png */ = {isa = PBXFileReference; lastKnownFileType = image.png; path = "Comp 1_03.png"; sourceTree = "<group>"; };
		C11CB5441FB624CD00D9A4F8 /* Comp 1_13.png */ = {isa = PBXFileReference; lastKnownFileType = image.png; path = "Comp 1_13.png"; sourceTree = "<group>"; };
		C11CB5451FB624CD00D9A4F8 /* Comp 1_02.png */ = {isa = PBXFileReference; lastKnownFileType = image.png; path = "Comp 1_02.png"; sourceTree = "<group>"; };
		C11CB5461FB624CD00D9A4F8 /* Comp 1_16.png */ = {isa = PBXFileReference; lastKnownFileType = image.png; path = "Comp 1_16.png"; sourceTree = "<group>"; };
		C11CB5471FB624CD00D9A4F8 /* Comp 1_00.png */ = {isa = PBXFileReference; lastKnownFileType = image.png; path = "Comp 1_00.png"; sourceTree = "<group>"; };
		C11CB5481FB624CD00D9A4F8 /* Comp 1_12.png */ = {isa = PBXFileReference; lastKnownFileType = image.png; path = "Comp 1_12.png"; sourceTree = "<group>"; };
		C11CB5491FB624CD00D9A4F8 /* Comp 1_10.png */ = {isa = PBXFileReference; lastKnownFileType = image.png; path = "Comp 1_10.png"; sourceTree = "<group>"; };
		C11CB54A1FB624CD00D9A4F8 /* Comp 1_18.png */ = {isa = PBXFileReference; lastKnownFileType = image.png; path = "Comp 1_18.png"; sourceTree = "<group>"; };
		C163BDDC1FACFAAF009F656A /* Copy-Reg.otf */ = {isa = PBXFileReference; lastKnownFileType = file; path = "Copy-Reg.otf"; sourceTree = "<group>"; };
		C163BDDD1FACFCD5009F656A /* Restart.png */ = {isa = PBXFileReference; lastKnownFileType = image.png; path = Restart.png; sourceTree = "<group>"; };
		C8FD9B2842EA175BC20A2CA9 /* Pods_AR_irl_V2.framework */ = {isa = PBXFileReference; explicitFileType = wrapper.framework; includeInIndex = 0; path = Pods_AR_irl_V2.framework; sourceTree = BUILT_PRODUCTS_DIR; };
/* End PBXFileReference section */

/* Begin PBXFrameworksBuildPhase section */
		C10865891FABAF6B000292D5 /* Frameworks */ = {
			isa = PBXFrameworksBuildPhase;
			buildActionMask = 2147483647;
			files = (
				BA629B678CF8BB6115B8DF7E /* Pods_AR_irl_V2.framework in Frameworks */,
			);
			runOnlyForDeploymentPostprocessing = 0;
		};
/* End PBXFrameworksBuildPhase section */

/* Begin PBXGroup section */
		5221DBA3824C3B40C7DCDB5C /* Frameworks */ = {
			isa = PBXGroup;
			children = (
				C8FD9B2842EA175BC20A2CA9 /* Pods_AR_irl_V2.framework */,
			);
			name = Frameworks;
			sourceTree = "<group>";
		};
		C10865831FABAF6B000292D5 = {
			isa = PBXGroup;
			children = (
				C108658E1FABAF6B000292D5 /* AR-irl_V2 */,
				C108658D1FABAF6B000292D5 /* Products */,
				CE0A3EFE7DE065F03E972802 /* Pods */,
				5221DBA3824C3B40C7DCDB5C /* Frameworks */,
			);
			sourceTree = "<group>";
		};
		C108658D1FABAF6B000292D5 /* Products */ = {
			isa = PBXGroup;
			children = (
				C108658C1FABAF6B000292D5 /* AR-irl_V2.app */,
			);
			name = Products;
			sourceTree = "<group>";
		};
		C108658E1FABAF6B000292D5 /* AR-irl_V2 */ = {
			isa = PBXGroup;
			children = (
				C11CB5361FB6248300D9A4F8 /* ImageView */,
				C10865AF1FACB6F8000292D5 /* Button_V1_Shadow_V2.png */,
				C10865B11FACCA87000292D5 /* Base_0000_Shadows.png */,
				C10865B31FACCA87000292D5 /* Base_0001_Bump.png */,
				C10865B61FACCA87000292D5 /* Base_0002_Reflection.png */,
				C10865B51FACCA87000292D5 /* Base_0003_Normal.png */,
				C10865B21FACCA87000292D5 /* Base_0004_Ambient-Occlusion.png */,
				C10865B41FACCA87000292D5 /* Base_0005_Background.png */,
				C163BDDC1FACFAAF009F656A /* Copy-Reg.otf */,
				C163BDDD1FACFCD5009F656A /* Restart.png */,
				C10865A11FABBB36000292D5 /* Models.scnassets */,
				C108658F1FABAF6B000292D5 /* AppDelegate.swift */,
				C10865911FABAF6B000292D5 /* ViewController.swift */,
				C10865931FABAF6B000292D5 /* Main.storyboard */,
				C10865961FABAF6B000292D5 /* Assets.xcassets */,
				C10865981FABAF6B000292D5 /* LaunchScreen.storyboard */,
				C108659B1FABAF6B000292D5 /* Info.plist */,
				987E07841FBB89830008980C /* Particle-Bridging-Header.h */,
			);
			path = "AR-irl_V2";
			sourceTree = "<group>";
		};
		C11CB5361FB6248300D9A4F8 /* ImageView */ = {
			isa = PBXGroup;
			children = (
				C11CB5471FB624CD00D9A4F8 /* Comp 1_00.png */,
				C11CB5411FB624CD00D9A4F8 /* Comp 1_01.png */,
				C11CB5451FB624CD00D9A4F8 /* Comp 1_02.png */,
				C11CB5431FB624CD00D9A4F8 /* Comp 1_03.png */,
				C11CB5391FB624CC00D9A4F8 /* Comp 1_04.png */,
				C11CB53A1FB624CC00D9A4F8 /* Comp 1_05.png */,
				C11CB53B1FB624CC00D9A4F8 /* Comp 1_06.png */,
				C11CB5421FB624CD00D9A4F8 /* Comp 1_07.png */,
				C11CB5371FB624CC00D9A4F8 /* Comp 1_08.png */,
				C11CB53D1FB624CC00D9A4F8 /* Comp 1_09.png */,
				C11CB5491FB624CD00D9A4F8 /* Comp 1_10.png */,
				C11CB53C1FB624CC00D9A4F8 /* Comp 1_11.png */,
				C11CB5481FB624CD00D9A4F8 /* Comp 1_12.png */,
				C11CB5441FB624CD00D9A4F8 /* Comp 1_13.png */,
				C11CB53E1FB624CC00D9A4F8 /* Comp 1_14.png */,
				C11CB5401FB624CC00D9A4F8 /* Comp 1_15.png */,
				C11CB5461FB624CD00D9A4F8 /* Comp 1_16.png */,
				C11CB53F1FB624CC00D9A4F8 /* Comp 1_17.png */,
				C11CB54A1FB624CD00D9A4F8 /* Comp 1_18.png */,
				C11CB5381FB624CC00D9A4F8 /* Comp 1_19.png */,
			);
			path = ImageView;
			sourceTree = "<group>";
		};
		CE0A3EFE7DE065F03E972802 /* Pods */ = {
			isa = PBXGroup;
			children = (
				7AC7EBE254448B7BE5E1AC9C /* Pods-AR-irl_V2.debug.xcconfig */,
				3A0D669ABE887643BD6A8247 /* Pods-AR-irl_V2.release.xcconfig */,
			);
			name = Pods;
			sourceTree = "<group>";
		};
/* End PBXGroup section */

/* Begin PBXNativeTarget section */
		C108658B1FABAF6B000292D5 /* AR-irl_V2 */ = {
			isa = PBXNativeTarget;
			buildConfigurationList = C108659E1FABAF6B000292D5 /* Build configuration list for PBXNativeTarget "AR-irl_V2" */;
			buildPhases = (
				850591C86A72F1242DA183AF /* [CP] Check Pods Manifest.lock */,
				C10865881FABAF6B000292D5 /* Sources */,
				C10865891FABAF6B000292D5 /* Frameworks */,
				C108658A1FABAF6B000292D5 /* Resources */,
				653BAB48B4B82D05D4DF1624 /* [CP] Embed Pods Frameworks */,
				3F939D33DCDBAFB8B9B7838E /* [CP] Copy Pods Resources */,
			);
			buildRules = (
			);
			dependencies = (
			);
			name = "AR-irl_V2";
			productName = "AR-irl_V2";
			productReference = C108658C1FABAF6B000292D5 /* AR-irl_V2.app */;
			productType = "com.apple.product-type.application";
		};
/* End PBXNativeTarget section */

/* Begin PBXProject section */
		C10865841FABAF6B000292D5 /* Project object */ = {
			isa = PBXProject;
			attributes = {
				LastSwiftUpdateCheck = 0900;
				LastUpgradeCheck = 0900;
				ORGANIZATIONNAME = "Adam Hughes";
				TargetAttributes = {
					C108658B1FABAF6B000292D5 = {
						CreatedOnToolsVersion = 9.0.1;
						ProvisioningStyle = Automatic;
					};
				};
			};
			buildConfigurationList = C10865871FABAF6B000292D5 /* Build configuration list for PBXProject "AR-irl_V2" */;
			compatibilityVersion = "Xcode 8.0";
			developmentRegion = en;
			hasScannedForEncodings = 0;
			knownRegions = (
				en,
				Base,
			);
			mainGroup = C10865831FABAF6B000292D5;
			productRefGroup = C108658D1FABAF6B000292D5 /* Products */;
			projectDirPath = "";
			projectRoot = "";
			targets = (
				C108658B1FABAF6B000292D5 /* AR-irl_V2 */,
			);
		};
/* End PBXProject section */

/* Begin PBXResourcesBuildPhase section */
		C108658A1FABAF6B000292D5 /* Resources */ = {
			isa = PBXResourcesBuildPhase;
			buildActionMask = 2147483647;
			files = (
				C11CB55B1FB624CD00D9A4F8 /* Comp 1_00.png in Resources */,
				C11CB54F1FB624CD00D9A4F8 /* Comp 1_06.png in Resources */,
				C10865B71FACCA87000292D5 /* Base_0000_Shadows.png in Resources */,
				C11CB55A1FB624CD00D9A4F8 /* Comp 1_16.png in Resources */,
				C108659A1FABAF6B000292D5 /* LaunchScreen.storyboard in Resources */,
				C11CB54D1FB624CD00D9A4F8 /* Comp 1_04.png in Resources */,
				C10865971FABAF6B000292D5 /* Assets.xcassets in Resources */,
				C11CB54E1FB624CD00D9A4F8 /* Comp 1_05.png in Resources */,
				C11CB55E1FB624CD00D9A4F8 /* Comp 1_18.png in Resources */,
				C10865B91FACCA87000292D5 /* Base_0001_Bump.png in Resources */,
				C10865BC1FACCA87000292D5 /* Base_0002_Reflection.png in Resources */,
				C11CB5551FB624CD00D9A4F8 /* Comp 1_01.png in Resources */,
				C11CB5531FB624CD00D9A4F8 /* Comp 1_17.png in Resources */,
				C10865BB1FACCA87000292D5 /* Base_0003_Normal.png in Resources */,
				C11CB5591FB624CD00D9A4F8 /* Comp 1_02.png in Resources */,
				C10865951FABAF6B000292D5 /* Main.storyboard in Resources */,
				C163BDDE1FACFCD5009F656A /* Restart.png in Resources */,
				C11CB55D1FB624CD00D9A4F8 /* Comp 1_10.png in Resources */,
				C11CB54B1FB624CD00D9A4F8 /* Comp 1_08.png in Resources */,
				C11CB5561FB624CD00D9A4F8 /* Comp 1_07.png in Resources */,
				C11CB5521FB624CD00D9A4F8 /* Comp 1_14.png in Resources */,
				C10865B81FACCA87000292D5 /* Base_0004_Ambient-Occlusion.png in Resources */,
				C11CB5581FB624CD00D9A4F8 /* Comp 1_13.png in Resources */,
				C11CB5511FB624CD00D9A4F8 /* Comp 1_09.png in Resources */,
				C10865BA1FACCA87000292D5 /* Base_0005_Background.png in Resources */,
				C11CB5571FB624CD00D9A4F8 /* Comp 1_03.png in Resources */,
				C11CB5541FB624CD00D9A4F8 /* Comp 1_15.png in Resources */,
				C10865A21FABBB36000292D5 /* Models.scnassets in Resources */,
				C11CB55C1FB624CD00D9A4F8 /* Comp 1_12.png in Resources */,
				C10865B01FACB6F8000292D5 /* Button_V1_Shadow_V2.png in Resources */,
				C11CB54C1FB624CD00D9A4F8 /* Comp 1_19.png in Resources */,
				C11CB5501FB624CD00D9A4F8 /* Comp 1_11.png in Resources */,
			);
			runOnlyForDeploymentPostprocessing = 0;
		};
/* End PBXResourcesBuildPhase section */

/* Begin PBXShellScriptBuildPhase section */
		3F939D33DCDBAFB8B9B7838E /* [CP] Copy Pods Resources */ = {
			isa = PBXShellScriptBuildPhase;
			buildActionMask = 2147483647;
			files = (
			);
			inputPaths = (
			);
			name = "[CP] Copy Pods Resources";
			outputPaths = (
			);
			runOnlyForDeploymentPostprocessing = 0;
			shellPath = /bin/sh;
			shellScript = "\"${SRCROOT}/Pods/Target Support Files/Pods-AR-irl_V2/Pods-AR-irl_V2-resources.sh\"\n";
			showEnvVarsInLog = 0;
		};
		653BAB48B4B82D05D4DF1624 /* [CP] Embed Pods Frameworks */ = {
			isa = PBXShellScriptBuildPhase;
			buildActionMask = 2147483647;
			files = (
			);
			inputPaths = (
				"${SRCROOT}/Pods/Target Support Files/Pods-AR-irl_V2/Pods-AR-irl_V2-frameworks.sh",
				"${BUILT_PRODUCTS_DIR}/1PasswordExtension/OnePasswordExtension.framework",
				"${BUILT_PRODUCTS_DIR}/AFNetworking/AFNetworking.framework",
				"${BUILT_PRODUCTS_DIR}/Particle-SDK/Particle_SDK.framework",
				"${BUILT_PRODUCTS_DIR}/ParticleSetup/ParticleSetup.framework",
			);
			name = "[CP] Embed Pods Frameworks";
			outputPaths = (
				"${TARGET_BUILD_DIR}/${FRAMEWORKS_FOLDER_PATH}/OnePasswordExtension.framework",
				"${TARGET_BUILD_DIR}/${FRAMEWORKS_FOLDER_PATH}/AFNetworking.framework",
				"${TARGET_BUILD_DIR}/${FRAMEWORKS_FOLDER_PATH}/Particle_SDK.framework",
				"${TARGET_BUILD_DIR}/${FRAMEWORKS_FOLDER_PATH}/ParticleSetup.framework",
			);
			runOnlyForDeploymentPostprocessing = 0;
			shellPath = /bin/sh;
			shellScript = "\"${SRCROOT}/Pods/Target Support Files/Pods-AR-irl_V2/Pods-AR-irl_V2-frameworks.sh\"\n";
			showEnvVarsInLog = 0;
		};
		850591C86A72F1242DA183AF /* [CP] Check Pods Manifest.lock */ = {
			isa = PBXShellScriptBuildPhase;
			buildActionMask = 2147483647;
			files = (
			);
			inputPaths = (
				"${PODS_PODFILE_DIR_PATH}/Podfile.lock",
				"${PODS_ROOT}/Manifest.lock",
			);
			name = "[CP] Check Pods Manifest.lock";
			outputPaths = (
				"$(DERIVED_FILE_DIR)/Pods-AR-irl_V2-checkManifestLockResult.txt",
			);
			runOnlyForDeploymentPostprocessing = 0;
			shellPath = /bin/sh;
			shellScript = "diff \"${PODS_PODFILE_DIR_PATH}/Podfile.lock\" \"${PODS_ROOT}/Manifest.lock\" > /dev/null\nif [ $? != 0 ] ; then\n    # print error to STDERR\n    echo \"error: The sandbox is not in sync with the Podfile.lock. Run 'pod install' or update your CocoaPods installation.\" >&2\n    exit 1\nfi\n# This output is used by Xcode 'outputs' to avoid re-running this script phase.\necho \"SUCCESS\" > \"${SCRIPT_OUTPUT_FILE_0}\"\n";
			showEnvVarsInLog = 0;
		};
/* End PBXShellScriptBuildPhase section */

/* Begin PBXSourcesBuildPhase section */
		C10865881FABAF6B000292D5 /* Sources */ = {
			isa = PBXSourcesBuildPhase;
			buildActionMask = 2147483647;
			files = (
				C10865921FABAF6B000292D5 /* ViewController.swift in Sources */,
				C10865901FABAF6B000292D5 /* AppDelegate.swift in Sources */,
			);
			runOnlyForDeploymentPostprocessing = 0;
		};
/* End PBXSourcesBuildPhase section */

/* Begin PBXVariantGroup section */
		C10865931FABAF6B000292D5 /* Main.storyboard */ = {
			isa = PBXVariantGroup;
			children = (
				C10865941FABAF6B000292D5 /* Base */,
			);
			name = Main.storyboard;
			sourceTree = "<group>";
		};
		C10865981FABAF6B000292D5 /* LaunchScreen.storyboard */ = {
			isa = PBXVariantGroup;
			children = (
				C10865991FABAF6B000292D5 /* Base */,
			);
			name = LaunchScreen.storyboard;
			sourceTree = "<group>";
		};
/* End PBXVariantGroup section */

/* Begin XCBuildConfiguration section */
		C108659C1FABAF6B000292D5 /* Debug */ = {
			isa = XCBuildConfiguration;
			buildSettings = {
				ALWAYS_SEARCH_USER_PATHS = NO;
				CLANG_ANALYZER_NONNULL = YES;
				CLANG_ANALYZER_NUMBER_OBJECT_CONVERSION = YES_AGGRESSIVE;
				CLANG_CXX_LANGUAGE_STANDARD = "gnu++14";
				CLANG_CXX_LIBRARY = "libc++";
				CLANG_ENABLE_MODULES = YES;
				CLANG_ENABLE_OBJC_ARC = YES;
				CLANG_WARN_BLOCK_CAPTURE_AUTORELEASING = YES;
				CLANG_WARN_BOOL_CONVERSION = YES;
				CLANG_WARN_COMMA = YES;
				CLANG_WARN_CONSTANT_CONVERSION = YES;
				CLANG_WARN_DIRECT_OBJC_ISA_USAGE = YES_ERROR;
				CLANG_WARN_DOCUMENTATION_COMMENTS = YES;
				CLANG_WARN_EMPTY_BODY = YES;
				CLANG_WARN_ENUM_CONVERSION = YES;
				CLANG_WARN_INFINITE_RECURSION = YES;
				CLANG_WARN_INT_CONVERSION = YES;
				CLANG_WARN_NON_LITERAL_NULL_CONVERSION = YES;
				CLANG_WARN_OBJC_LITERAL_CONVERSION = YES;
				CLANG_WARN_OBJC_ROOT_CLASS = YES_ERROR;
				CLANG_WARN_RANGE_LOOP_ANALYSIS = YES;
				CLANG_WARN_STRICT_PROTOTYPES = YES;
				CLANG_WARN_SUSPICIOUS_MOVE = YES;
				CLANG_WARN_UNGUARDED_AVAILABILITY = YES_AGGRESSIVE;
				CLANG_WARN_UNREACHABLE_CODE = YES;
				CLANG_WARN__DUPLICATE_METHOD_MATCH = YES;
				CODE_SIGN_IDENTITY = "iPhone Developer";
				COPY_PHASE_STRIP = NO;
				DEBUG_INFORMATION_FORMAT = dwarf;
				ENABLE_STRICT_OBJC_MSGSEND = YES;
				ENABLE_TESTABILITY = YES;
				GCC_C_LANGUAGE_STANDARD = gnu11;
				GCC_DYNAMIC_NO_PIC = NO;
				GCC_NO_COMMON_BLOCKS = YES;
				GCC_OPTIMIZATION_LEVEL = 0;
				GCC_PREPROCESSOR_DEFINITIONS = (
					"DEBUG=1",
					"$(inherited)",
				);
				GCC_WARN_64_TO_32_BIT_CONVERSION = YES;
				GCC_WARN_ABOUT_RETURN_TYPE = YES_ERROR;
				GCC_WARN_UNDECLARED_SELECTOR = YES;
				GCC_WARN_UNINITIALIZED_AUTOS = YES_AGGRESSIVE;
				GCC_WARN_UNUSED_FUNCTION = YES;
				GCC_WARN_UNUSED_VARIABLE = YES;
				IPHONEOS_DEPLOYMENT_TARGET = 11.0;
				MTL_ENABLE_DEBUG_INFO = YES;
				ONLY_ACTIVE_ARCH = YES;
				SDKROOT = iphoneos;
				SWIFT_ACTIVE_COMPILATION_CONDITIONS = DEBUG;
				SWIFT_OBJC_BRIDGING_HEADER = "AR-irl_V2/Particle-Bridging-Header.h";
				SWIFT_OPTIMIZATION_LEVEL = "-Onone";
				USER_HEADER_SEARCH_PATHS = "Pods/**";
			};
			name = Debug;
		};
		C108659D1FABAF6B000292D5 /* Release */ = {
			isa = XCBuildConfiguration;
			buildSettings = {
				ALWAYS_SEARCH_USER_PATHS = NO;
				CLANG_ANALYZER_NONNULL = YES;
				CLANG_ANALYZER_NUMBER_OBJECT_CONVERSION = YES_AGGRESSIVE;
				CLANG_CXX_LANGUAGE_STANDARD = "gnu++14";
				CLANG_CXX_LIBRARY = "libc++";
				CLANG_ENABLE_MODULES = YES;
				CLANG_ENABLE_OBJC_ARC = YES;
				CLANG_WARN_BLOCK_CAPTURE_AUTORELEASING = YES;
				CLANG_WARN_BOOL_CONVERSION = YES;
				CLANG_WARN_COMMA = YES;
				CLANG_WARN_CONSTANT_CONVERSION = YES;
				CLANG_WARN_DIRECT_OBJC_ISA_USAGE = YES_ERROR;
				CLANG_WARN_DOCUMENTATION_COMMENTS = YES;
				CLANG_WARN_EMPTY_BODY = YES;
				CLANG_WARN_ENUM_CONVERSION = YES;
				CLANG_WARN_INFINITE_RECURSION = YES;
				CLANG_WARN_INT_CONVERSION = YES;
				CLANG_WARN_NON_LITERAL_NULL_CONVERSION = YES;
				CLANG_WARN_OBJC_LITERAL_CONVERSION = YES;
				CLANG_WARN_OBJC_ROOT_CLASS = YES_ERROR;
				CLANG_WARN_RANGE_LOOP_ANALYSIS = YES;
				CLANG_WARN_STRICT_PROTOTYPES = YES;
				CLANG_WARN_SUSPICIOUS_MOVE = YES;
				CLANG_WARN_UNGUARDED_AVAILABILITY = YES_AGGRESSIVE;
				CLANG_WARN_UNREACHABLE_CODE = YES;
				CLANG_WARN__DUPLICATE_METHOD_MATCH = YES;
				CODE_SIGN_IDENTITY = "iPhone Developer";
				COPY_PHASE_STRIP = NO;
				DEBUG_INFORMATION_FORMAT = "dwarf-with-dsym";
				ENABLE_NS_ASSERTIONS = NO;
				ENABLE_STRICT_OBJC_MSGSEND = YES;
				GCC_C_LANGUAGE_STANDARD = gnu11;
				GCC_NO_COMMON_BLOCKS = YES;
				GCC_WARN_64_TO_32_BIT_CONVERSION = YES;
				GCC_WARN_ABOUT_RETURN_TYPE = YES_ERROR;
				GCC_WARN_UNDECLARED_SELECTOR = YES;
				GCC_WARN_UNINITIALIZED_AUTOS = YES_AGGRESSIVE;
				GCC_WARN_UNUSED_FUNCTION = YES;
				GCC_WARN_UNUSED_VARIABLE = YES;
				IPHONEOS_DEPLOYMENT_TARGET = 11.0;
				MTL_ENABLE_DEBUG_INFO = NO;
				SDKROOT = iphoneos;
				SWIFT_OBJC_BRIDGING_HEADER = "AR-irl_V2/Particle-Bridging-Header.h";
				SWIFT_OPTIMIZATION_LEVEL = "-Owholemodule";
				USER_HEADER_SEARCH_PATHS = "Pods/**";
				VALIDATE_PRODUCT = YES;
			};
			name = Release;
		};
		C108659F1FABAF6B000292D5 /* Debug */ = {
			isa = XCBuildConfiguration;
			baseConfigurationReference = 7AC7EBE254448B7BE5E1AC9C /* Pods-AR-irl_V2.debug.xcconfig */;
			buildSettings = {
				ASSETCATALOG_COMPILER_APPICON_NAME = AppIcon;
				CODE_SIGN_STYLE = Automatic;
				DEVELOPMENT_TEAM = Z3QGFL558K;
				INFOPLIST_FILE = "AR-irl_V2/Info.plist";
				LD_RUNPATH_SEARCH_PATHS = "$(inherited) @executable_path/Frameworks";
				PRODUCT_BUNDLE_IDENTIFIER = "ISL.com.AR-irl-V2";
				PRODUCT_NAME = "$(TARGET_NAME)";
				SWIFT_VERSION = 4.0;
				TARGETED_DEVICE_FAMILY = "1,2";
			};
			name = Debug;
		};
		C10865A01FABAF6B000292D5 /* Release */ = {
			isa = XCBuildConfiguration;
			baseConfigurationReference = 3A0D669ABE887643BD6A8247 /* Pods-AR-irl_V2.release.xcconfig */;
			buildSettings = {
				ASSETCATALOG_COMPILER_APPICON_NAME = AppIcon;
				CODE_SIGN_STYLE = Automatic;
				DEVELOPMENT_TEAM = Z3QGFL558K;
				INFOPLIST_FILE = "AR-irl_V2/Info.plist";
				LD_RUNPATH_SEARCH_PATHS = "$(inherited) @executable_path/Frameworks";
				PRODUCT_BUNDLE_IDENTIFIER = "ISL.com.AR-irl-V2";
				PRODUCT_NAME = "$(TARGET_NAME)";
				SWIFT_VERSION = 4.0;
				TARGETED_DEVICE_FAMILY = "1,2";
			};
			name = Release;
		};
/* End XCBuildConfiguration section */

/* Begin XCConfigurationList section */
		C10865871FABAF6B000292D5 /* Build configuration list for PBXProject "AR-irl_V2" */ = {
			isa = XCConfigurationList;
			buildConfigurations = (
				C108659C1FABAF6B000292D5 /* Debug */,
				C108659D1FABAF6B000292D5 /* Release */,
			);
			defaultConfigurationIsVisible = 0;
			defaultConfigurationName = Release;
		};
		C108659E1FABAF6B000292D5 /* Build configuration list for PBXNativeTarget "AR-irl_V2" */ = {
			isa = XCConfigurationList;
			buildConfigurations = (
				C108659F1FABAF6B000292D5 /* Debug */,
				C10865A01FABAF6B000292D5 /* Release */,
			);
			defaultConfigurationIsVisible = 0;
			defaultConfigurationName = Release;
		};
/* End XCConfigurationList section */
	};
	rootObject = C10865841FABAF6B000292D5 /* Project object */;
}
